# This file is generated by running "yarn install" inside your project.
# Manual changes might be lost - proceed with caution!

__metadata:
  version: 6
  cacheKey: 8

"@alexalexandrescu/strapi-provider-upload-google-storage@workspace:.":
  version: 0.0.0-use.local
  resolution: "@alexalexandrescu/strapi-provider-upload-google-storage@workspace:."
  dependencies:
    "@google-cloud/storage": ^6.9.5
    "@types/node": ^18.16.0
    typescript: ^5.0.4
  languageName: unknown
  linkType: soft

"@google-cloud/paginator@npm:^3.0.7":
  version: 3.0.7
  resolution: "@google-cloud/paginator@npm:3.0.7"
  dependencies:
    arrify: ^2.0.0
    extend: ^3.0.2
  checksum: bdecce8a894a0c7f47f13d0e42b2fa142098e1dd34ce571b7216ad624057214baf9066ecf091501b3770da9d7be20b983eda30185c8c6596192cb748f8a0090c
  languageName: node
  linkType: hard

"@google-cloud/projectify@npm:^3.0.0":
  version: 3.0.0
  resolution: "@google-cloud/projectify@npm:3.0.0"
  checksum: 4fa7ad689422b0b9c152fb00260e54e39d81678f9c51518bdb34bc57ee00604524fcdd5837fa97eb2f8ff4811afee3f345b1b0993bc4a2fa1b803bdd6554839a
  languageName: node
  linkType: hard

"@google-cloud/promisify@npm:^3.0.0":
  version: 3.0.1
  resolution: "@google-cloud/promisify@npm:3.0.1"
  checksum: 44b4de760425d6ea328f6208c46219cfcc44383b4015c67a6b18b55b8fee5b754a11f80ed481a7d779bc471950b2b856dce51e36e8004b0d2f73a93e50d756ce
  languageName: node
  linkType: hard

"@google-cloud/storage@npm:^6.9.5":
  version: 6.9.5
  resolution: "@google-cloud/storage@npm:6.9.5"
  dependencies:
    "@google-cloud/paginator": ^3.0.7
    "@google-cloud/projectify": ^3.0.0
    "@google-cloud/promisify": ^3.0.0
    abort-controller: ^3.0.0
    async-retry: ^1.3.3
    compressible: ^2.0.12
    duplexify: ^4.0.0
    ent: ^2.2.0
    extend: ^3.0.2
    gaxios: ^5.0.0
    google-auth-library: ^8.0.1
    mime: ^3.0.0
    mime-types: ^2.0.8
    p-limit: ^3.0.1
    retry-request: ^5.0.0
    teeny-request: ^8.0.0
    uuid: ^8.0.0
  checksum: eff663cc44ee553fbd2f62b67ef422783f29210c67f55c86c13e63a40c36f3c9b78e076b2a08bb6a74a9fdc452de9240aac91e0fa11c3a4f782416a230d88b74
  languageName: node
  linkType: hard

"@tootallnate/once@npm:2":
  version: 2.0.0
  resolution: "@tootallnate/once@npm:2.0.0"
  checksum: ad87447820dd3f24825d2d947ebc03072b20a42bfc96cbafec16bff8bbda6c1a81fcb0be56d5b21968560c5359a0af4038a68ba150c3e1694fe4c109a063bed8
  languageName: node
  linkType: hard

"@types/node@npm:^18.16.0":
  version: 18.16.0
  resolution: "@types/node@npm:18.16.0"
  checksum: 63e0042136663b9e85ce503a4c65406cc6621fdba63ea66c74b4b1364a9aa9bdb57cadcb76696abab177f38a819b0fa6ace9e7f1647dcb990aedb1b4bd01012f
  languageName: node
  linkType: hard

"abort-controller@npm:^3.0.0":
  version: 3.0.0
  resolution: "abort-controller@npm:3.0.0"
  dependencies:
    event-target-shim: ^5.0.0
  checksum: 170bdba9b47b7e65906a28c8ce4f38a7a369d78e2271706f020849c1bfe0ee2067d4261df8bbb66eb84f79208fd5b710df759d64191db58cfba7ce8ef9c54b75
  languageName: node
  linkType: hard

"agent-base@npm:6":
  version: 6.0.2
  resolution: "agent-base@npm:6.0.2"
  dependencies:
    debug: 4
  checksum: f52b6872cc96fd5f622071b71ef200e01c7c4c454ee68bc9accca90c98cfb39f2810e3e9aa330435835eedc8c23f4f8a15267f67c6e245d2b33757575bdac49d
  languageName: node
  linkType: hard

"arrify@npm:^2.0.0":
  version: 2.0.1
  resolution: "arrify@npm:2.0.1"
  checksum: 067c4c1afd182806a82e4c1cb8acee16ab8b5284fbca1ce29408e6e91281c36bb5b612f6ddfbd40a0f7a7e0c75bf2696eb94c027f6e328d6e9c52465c98e4209
  languageName: node
  linkType: hard

"async-retry@npm:^1.3.3":
  version: 1.3.3
  resolution: "async-retry@npm:1.3.3"
  dependencies:
    retry: 0.13.1
  checksum: 38a7152ff7265a9321ea214b9c69e8224ab1febbdec98efbbde6e562f17ff68405569b796b1c5271f354aef8783665d29953f051f68c1fc45306e61aec82fdc4
  languageName: node
  linkType: hard

"base64-js@npm:^1.3.0":
  version: 1.5.1
  resolution: "base64-js@npm:1.5.1"
  checksum: 669632eb3745404c2f822a18fc3a0122d2f9a7a13f7fb8b5823ee19d1d2ff9ee5b52c53367176ea4ad093c332fd5ab4bd0ebae5a8e27917a4105a4cfc86b1005
  languageName: node
  linkType: hard

"bignumber.js@npm:^9.0.0":
  version: 9.1.1
  resolution: "bignumber.js@npm:9.1.1"
  checksum: ad243b7e2f9120b112d670bb3d674128f0bd2ca1745b0a6c9df0433bd2c0252c43e6315d944c2ac07b4c639e7496b425e46842773cf89c6a2dcd4f31e5c4b11e
  languageName: node
  linkType: hard

"buffer-equal-constant-time@npm:1.0.1":
  version: 1.0.1
  resolution: "buffer-equal-constant-time@npm:1.0.1"
  checksum: 80bb945f5d782a56f374b292770901065bad21420e34936ecbe949e57724b4a13874f735850dd1cc61f078773c4fb5493a41391e7bda40d1fa388d6bd80daaab
  languageName: node
  linkType: hard

"compressible@npm:^2.0.12":
  version: 2.0.18
  resolution: "compressible@npm:2.0.18"
  dependencies:
    mime-db: ">= 1.43.0 < 2"
  checksum: 58321a85b375d39230405654721353f709d0c1442129e9a17081771b816302a012471a9b8f4864c7dbe02eef7f2aaac3c614795197092262e94b409c9be108f0
  languageName: node
  linkType: hard

"debug@npm:4, debug@npm:^4.1.1":
  version: 4.3.4
  resolution: "debug@npm:4.3.4"
  dependencies:
    ms: 2.1.2
  peerDependenciesMeta:
    supports-color:
      optional: true
  checksum: 3dbad3f94ea64f34431a9cbf0bafb61853eda57bff2880036153438f50fb5a84f27683ba0d8e5426bf41a8c6ff03879488120cf5b3a761e77953169c0600a708
  languageName: node
  linkType: hard

"duplexify@npm:^4.0.0":
  version: 4.1.2
  resolution: "duplexify@npm:4.1.2"
  dependencies:
    end-of-stream: ^1.4.1
    inherits: ^2.0.3
    readable-stream: ^3.1.1
    stream-shift: ^1.0.0
  checksum: 964376c61c0e92f6ed0694b3ba97c84f199413dc40ab8dfdaef80b7a7f4982fcabf796214e28ed614a5bc1ec45488a29b81e7d46fa3f5ddf65bcb118c20145ad
  languageName: node
  linkType: hard

"ecdsa-sig-formatter@npm:1.0.11, ecdsa-sig-formatter@npm:^1.0.11":
  version: 1.0.11
  resolution: "ecdsa-sig-formatter@npm:1.0.11"
  dependencies:
    safe-buffer: ^5.0.1
  checksum: 207f9ab1c2669b8e65540bce29506134613dd5f122cccf1e6a560f4d63f2732d427d938f8481df175505aad94583bcb32c688737bb39a6df0625f903d6d93c03
  languageName: node
  linkType: hard

"end-of-stream@npm:^1.4.1":
  version: 1.4.4
  resolution: "end-of-stream@npm:1.4.4"
  dependencies:
    once: ^1.4.0
  checksum: 530a5a5a1e517e962854a31693dbb5c0b2fc40b46dad2a56a2deec656ca040631124f4795823acc68238147805f8b021abbe221f4afed5ef3c8e8efc2024908b
  languageName: node
  linkType: hard

"ent@npm:^2.2.0":
  version: 2.2.0
  resolution: "ent@npm:2.2.0"
  checksum: f588b5707d6fef36011ea10d530645912a69530a1eb0831f8708c498ac028363a7009f45cfadd28ceb4dafd9ac17ec15213f88d09ce239cd033cfe1328dd7d7d
  languageName: node
  linkType: hard

"event-target-shim@npm:^5.0.0":
  version: 5.0.1
  resolution: "event-target-shim@npm:5.0.1"
  checksum: 1ffe3bb22a6d51bdeb6bf6f7cf97d2ff4a74b017ad12284cc9e6a279e727dc30a5de6bb613e5596ff4dc3e517841339ad09a7eec44266eccb1aa201a30448166
  languageName: node
  linkType: hard

"extend@npm:^3.0.2":
  version: 3.0.2
  resolution: "extend@npm:3.0.2"
  checksum: a50a8309ca65ea5d426382ff09f33586527882cf532931cb08ca786ea3146c0553310bda688710ff61d7668eba9f96b923fe1420cdf56a2c3eaf30fcab87b515
  languageName: node
  linkType: hard

"fast-text-encoding@npm:^1.0.0":
  version: 1.0.6
  resolution: "fast-text-encoding@npm:1.0.6"
  checksum: 9d58f694314b3283e785bf61954902536da228607ad246905e30256f9ab8331f780ac987e7222c9f5eafd04168d07e12b8054c85cedb76a2c05af0e82387a903
  languageName: node
  linkType: hard

"gaxios@npm:^5.0.0, gaxios@npm:^5.0.1":
  version: 5.1.0
  resolution: "gaxios@npm:5.1.0"
  dependencies:
    extend: ^3.0.2
    https-proxy-agent: ^5.0.0
    is-stream: ^2.0.0
    node-fetch: ^2.6.7
  checksum: c3bf9eff0055f9af734380a765afb237ca199b6dedccd888417075c923c94311dcf5217fcb2b908c1121412668959d99c5ef5328827155e51deae6ce579c4473
  languageName: node
  linkType: hard

"gcp-metadata@npm:^5.0.0":
  version: 5.2.0
  resolution: "gcp-metadata@npm:5.2.0"
  dependencies:
    gaxios: ^5.0.0
    json-bigint: ^1.0.0
  checksum: 4e7ed589c814bb79cbf052b0eda1d5e219fbee030f4772eca27ec1e6e1faa85ba0ef3b17ea5c3fd51a54fc5429c924b4edbb260ac147701f211fb9807b893544
  languageName: node
  linkType: hard

"google-auth-library@npm:^8.0.1":
  version: 8.7.0
  resolution: "google-auth-library@npm:8.7.0"
  dependencies:
    arrify: ^2.0.0
    base64-js: ^1.3.0
    ecdsa-sig-formatter: ^1.0.11
    fast-text-encoding: ^1.0.0
    gaxios: ^5.0.0
    gcp-metadata: ^5.0.0
    gtoken: ^6.1.0
    jws: ^4.0.0
    lru-cache: ^6.0.0
  checksum: 978d1c5f763aceddbc0218cd76fa578c8ba54a0653cefffaf61847bb8d246ebf26e7fcd276d8885b8a3354c17eef0a11cfae9e60e4df62c01cae4378d4eb78e4
  languageName: node
  linkType: hard

"google-p12-pem@npm:^4.0.0":
  version: 4.0.1
  resolution: "google-p12-pem@npm:4.0.1"
  dependencies:
    node-forge: ^1.3.1
  bin:
    gp12-pem: build/src/bin/gp12-pem.js
  checksum: 59a5026331ea67455672e83770da29f09d979f02e06cb2227ea5916f8cca437887c2d3869f2602a686dc84437886ae9d2ac010780803cbe8e5f161c2d02d8efd
  languageName: node
  linkType: hard

"gtoken@npm:^6.1.0":
  version: 6.1.2
  resolution: "gtoken@npm:6.1.2"
  dependencies:
    gaxios: ^5.0.1
    google-p12-pem: ^4.0.0
    jws: ^4.0.0
  checksum: cf3210afe2ccee8feaa06f0c7eb942e217244a8563a1d0a71aa3095eea545015896741c1d48654d8de35b7b07579f93e25e5dfe817f06b7e753646b67f7a4ecf
  languageName: node
  linkType: hard

"http-proxy-agent@npm:^5.0.0":
  version: 5.0.0
  resolution: "http-proxy-agent@npm:5.0.0"
  dependencies:
    "@tootallnate/once": 2
    agent-base: 6
    debug: 4
  checksum: e2ee1ff1656a131953839b2a19cd1f3a52d97c25ba87bd2559af6ae87114abf60971e498021f9b73f9fd78aea8876d1fb0d4656aac8a03c6caa9fc175f22b786
  languageName: node
  linkType: hard

"https-proxy-agent@npm:^5.0.0":
  version: 5.0.1
  resolution: "https-proxy-agent@npm:5.0.1"
  dependencies:
    agent-base: 6
    debug: 4
  checksum: 571fccdf38184f05943e12d37d6ce38197becdd69e58d03f43637f7fa1269cf303a7d228aa27e5b27bbd3af8f09fd938e1c91dcfefff2df7ba77c20ed8dfc765
  languageName: node
  linkType: hard

"inherits@npm:^2.0.3":
  version: 2.0.4
  resolution: "inherits@npm:2.0.4"
  checksum: 4a48a733847879d6cf6691860a6b1e3f0f4754176e4d71494c41f3475553768b10f84b5ce1d40fbd0e34e6bfbb864ee35858ad4dd2cf31e02fc4a154b724d7f1
  languageName: node
  linkType: hard

"is-stream@npm:^2.0.0":
  version: 2.0.1
  resolution: "is-stream@npm:2.0.1"
  checksum: b8e05ccdf96ac330ea83c12450304d4a591f9958c11fd17bed240af8d5ffe08aedafa4c0f4cfccd4d28dc9d4d129daca1023633d5c11601a6cbc77521f6fae66
  languageName: node
  linkType: hard

"json-bigint@npm:^1.0.0":
  version: 1.0.0
  resolution: "json-bigint@npm:1.0.0"
  dependencies:
    bignumber.js: ^9.0.0
  checksum: c67bb93ccb3c291e60eb4b62931403e378906aab113ec1c2a8dd0f9a7f065ad6fd9713d627b732abefae2e244ac9ce1721c7a3142b2979532f12b258634ce6f6
  languageName: node
  linkType: hard

"jwa@npm:^2.0.0":
  version: 2.0.0
  resolution: "jwa@npm:2.0.0"
  dependencies:
    buffer-equal-constant-time: 1.0.1
    ecdsa-sig-formatter: 1.0.11
    safe-buffer: ^5.0.1
  checksum: 8f00b71ad5fe94cb55006d0d19202f8f56889109caada2f7eeb63ca81755769ce87f4f48101967f398462e3b8ae4faebfbd5a0269cb755dead5d63c77ba4d2f1
  languageName: node
  linkType: hard

"jws@npm:^4.0.0":
  version: 4.0.0
  resolution: "jws@npm:4.0.0"
  dependencies:
    jwa: ^2.0.0
    safe-buffer: ^5.0.1
  checksum: d68d07aa6d1b8cb35c363a9bd2b48f15064d342a5d9dc18a250dbbce8dc06bd7e4792516c50baa16b8d14f61167c19e851fd7f66b59ecc68b7f6a013759765f7
  languageName: node
  linkType: hard

"lru-cache@npm:^6.0.0":
  version: 6.0.0
  resolution: "lru-cache@npm:6.0.0"
  dependencies:
    yallist: ^4.0.0
  checksum: f97f499f898f23e4585742138a22f22526254fdba6d75d41a1c2526b3b6cc5747ef59c5612ba7375f42aca4f8461950e925ba08c991ead0651b4918b7c978297
  languageName: node
  linkType: hard

"mime-db@npm:1.52.0, mime-db@npm:>= 1.43.0 < 2":
  version: 1.52.0
  resolution: "mime-db@npm:1.52.0"
  checksum: 0d99a03585f8b39d68182803b12ac601d9c01abfa28ec56204fa330bc9f3d1c5e14beb049bafadb3dbdf646dfb94b87e24d4ec7b31b7279ef906a8ea9b6a513f
  languageName: node
  linkType: hard

"mime-types@npm:^2.0.8":
  version: 2.1.35
  resolution: "mime-types@npm:2.1.35"
  dependencies:
    mime-db: 1.52.0
  checksum: 89a5b7f1def9f3af5dad6496c5ed50191ae4331cc5389d7c521c8ad28d5fdad2d06fd81baf38fed813dc4e46bb55c8145bb0ff406330818c9cf712fb2e9b3836
  languageName: node
  linkType: hard

"mime@npm:^3.0.0":
  version: 3.0.0
  resolution: "mime@npm:3.0.0"
  bin:
    mime: cli.js
  checksum: f43f9b7bfa64534e6b05bd6062961681aeb406a5b53673b53b683f27fcc4e739989941836a355eef831f4478923651ecc739f4a5f6e20a76487b432bfd4db928
  languageName: node
  linkType: hard

"ms@npm:2.1.2":
  version: 2.1.2
  resolution: "ms@npm:2.1.2"
  checksum: 673cdb2c3133eb050c745908d8ce632ed2c02d85640e2edb3ace856a2266a813b30c613569bf3354fdf4ea7d1a1494add3bfa95e2713baa27d0c2c71fc44f58f
  languageName: node
  linkType: hard

"node-fetch@npm:^2.6.1, node-fetch@npm:^2.6.7":
  version: 2.6.9
  resolution: "node-fetch@npm:2.6.9"
  dependencies:
    whatwg-url: ^5.0.0
  peerDependencies:
    encoding: ^0.1.0
  peerDependenciesMeta:
    encoding:
      optional: true
  checksum: acb04f9ce7224965b2b59e71b33c639794d8991efd73855b0b250921382b38331ffc9d61bce502571f6cc6e11a8905ca9b1b6d4aeb586ab093e2756a1fd190d0
  languageName: node
  linkType: hard

"node-forge@npm:^1.3.1":
  version: 1.3.1
  resolution: "node-forge@npm:1.3.1"
  checksum: 08fb072d3d670599c89a1704b3e9c649ff1b998256737f0e06fbd1a5bf41cae4457ccaee32d95052d80bbafd9ffe01284e078c8071f0267dc9744e51c5ed42a9
  languageName: node
  linkType: hard

"once@npm:^1.4.0":
  version: 1.4.0
  resolution: "once@npm:1.4.0"
  dependencies:
    wrappy: 1
  checksum: cd0a88501333edd640d95f0d2700fbde6bff20b3d4d9bdc521bdd31af0656b5706570d6c6afe532045a20bb8dc0849f8332d6f2a416e0ba6d3d3b98806c7db68
  languageName: node
  linkType: hard

"p-limit@npm:^3.0.1":
  version: 3.1.0
  resolution: "p-limit@npm:3.1.0"
  dependencies:
    yocto-queue: ^0.1.0
  checksum: 7c3690c4dbf62ef625671e20b7bdf1cbc9534e83352a2780f165b0d3ceba21907e77ad63401708145ca4e25bfc51636588d89a8c0aeb715e6c37d1c066430360
  languageName: node
  linkType: hard

"readable-stream@npm:^3.1.1":
  version: 3.6.2
  resolution: "readable-stream@npm:3.6.2"
  dependencies:
    inherits: ^2.0.3
    string_decoder: ^1.1.1
    util-deprecate: ^1.0.1
  checksum: bdcbe6c22e846b6af075e32cf8f4751c2576238c5043169a1c221c92ee2878458a816a4ea33f4c67623c0b6827c8a400409bfb3cf0bf3381392d0b1dfb52ac8d
  languageName: node
  linkType: hard

"retry-request@npm:^5.0.0":
  version: 5.0.2
  resolution: "retry-request@npm:5.0.2"
  dependencies:
    debug: ^4.1.1
    extend: ^3.0.2
  checksum: d6c95d27f4468aa5557605d811cfaa5862be0eaff9fc5f18a338a7c17a7972fbec5b6142abb6b1e494b4c02df875fec2f1c3a281bf79900d33607d8536277ffe
  languageName: node
  linkType: hard

"retry@npm:0.13.1":
  version: 0.13.1
  resolution: "retry@npm:0.13.1"
  checksum: 47c4d5be674f7c13eee4cfe927345023972197dbbdfba5d3af7e461d13b44de1bfd663bfc80d2f601f8ef3fc8164c16dd99655a221921954a65d044a2fc1233b
  languageName: node
  linkType: hard

"safe-buffer@npm:^5.0.1, safe-buffer@npm:~5.2.0":
  version: 5.2.1
  resolution: "safe-buffer@npm:5.2.1"
  checksum: b99c4b41fdd67a6aaf280fcd05e9ffb0813654894223afb78a31f14a19ad220bba8aba1cb14eddce1fcfb037155fe6de4e861784eb434f7d11ed58d1e70dd491
  languageName: node
  linkType: hard

"stream-events@npm:^1.0.5":
  version: 1.0.5
  resolution: "stream-events@npm:1.0.5"
  dependencies:
    stubs: ^3.0.0
  checksum: 969ce82e34bfbef5734629cc06f9d7f3705a9ceb8fcd6a526332f9159f1f8bbfdb1a453f3ced0b728083454f7706adbbe8428bceb788a0287ca48ba2642dc3fc
  languageName: node
  linkType: hard

"stream-shift@npm:^1.0.0":
  version: 1.0.1
  resolution: "stream-shift@npm:1.0.1"
  checksum: 59b82b44b29ec3699b5519a49b3cedcc6db58c72fb40c04e005525dfdcab1c75c4e0c180b923c380f204bed78211b9bad8faecc7b93dece4d004c3f6ec75737b
  languageName: node
  linkType: hard

"string_decoder@npm:^1.1.1":
  version: 1.3.0
  resolution: "string_decoder@npm:1.3.0"
  dependencies:
    safe-buffer: ~5.2.0
  checksum: 8417646695a66e73aefc4420eb3b84cc9ffd89572861fe004e6aeb13c7bc00e2f616247505d2dbbef24247c372f70268f594af7126f43548565c68c117bdeb56
  languageName: node
  linkType: hard

"stubs@npm:^3.0.0":
  version: 3.0.0
  resolution: "stubs@npm:3.0.0"
  checksum: dec7b82186e3743317616235c59bfb53284acc312cb9f4c3e97e2205c67a5c158b0ca89db5927e52351582e90a2672822eeaec9db396e23e56893d2a8676e024
  languageName: node
  linkType: hard

"teeny-request@npm:^8.0.0":
  version: 8.0.3
  resolution: "teeny-request@npm:8.0.3"
  dependencies:
    http-proxy-agent: ^5.0.0
    https-proxy-agent: ^5.0.0
    node-fetch: ^2.6.1
    stream-events: ^1.0.5
    uuid: ^9.0.0
  checksum: 6682a14df3708068db147c91af5f2b2e097e2e53c03dddaef40f6f974297f2da9e6112c615af9fbc84a1685c6846b8a9e485771d1a350aa25e9ff5fcf63dd821
  languageName: node
  linkType: hard

"tr46@npm:~0.0.3":
  version: 0.0.3
  resolution: "tr46@npm:0.0.3"
  checksum: 726321c5eaf41b5002e17ffbd1fb7245999a073e8979085dacd47c4b4e8068ff5777142fc6726d6ca1fd2ff16921b48788b87225cbc57c72636f6efa8efbffe3
  languageName: node
  linkType: hard

"typescript@npm:^5.0.4":
  version: 5.0.4
  resolution: "typescript@npm:5.0.4"
  bin:
    tsc: bin/tsc
    tsserver: bin/tsserver
  checksum: 82b94da3f4604a8946da585f7d6c3025fff8410779e5bde2855ab130d05e4fd08938b9e593b6ebed165bda6ad9292b230984f10952cf82f0a0ca07bbeaa08172
  languageName: node
  linkType: hard

"typescript@patch:typescript@^5.0.4#~builtin<compat/typescript>":
  version: 5.0.4
  resolution: "typescript@patch:typescript@npm%3A5.0.4#~builtin<compat/typescript>::version=5.0.4&hash=85af82"
  bin:
    tsc: bin/tsc
    tsserver: bin/tsserver
  checksum: bb309d320c59a26565fb3793dba550576ab861018ff3fd1b7fccabbe46ae4a35546bc45f342c0a0b6f265c801ccdf64ffd68f548f117ceb7f0eac4b805cd52a9
  languageName: node
  linkType: hard

"util-deprecate@npm:^1.0.1":
  version: 1.0.2
  resolution: "util-deprecate@npm:1.0.2"
  checksum: 474acf1146cb2701fe3b074892217553dfcf9a031280919ba1b8d651a068c9b15d863b7303cb15bd00a862b498e6cf4ad7b4a08fb134edd5a6f7641681cb54a2
  languageName: node
  linkType: hard

"uuid@npm:^8.0.0":
  version: 8.3.2
  resolution: "uuid@npm:8.3.2"
  bin:
    uuid: dist/bin/uuid
  checksum: 5575a8a75c13120e2f10e6ddc801b2c7ed7d8f3c8ac22c7ed0c7b2ba6383ec0abda88c905085d630e251719e0777045ae3236f04c812184b7c765f63a70e58df
  languageName: node
  linkType: hard

"uuid@npm:^9.0.0":
  version: 9.0.0
  resolution: "uuid@npm:9.0.0"
  bin:
    uuid: dist/bin/uuid
  checksum: 8dd2c83c43ddc7e1c71e36b60aea40030a6505139af6bee0f382ebcd1a56f6cd3028f7f06ffb07f8cf6ced320b76aea275284b224b002b289f89fe89c389b028
  languageName: node
  linkType: hard

"webidl-conversions@npm:^3.0.0":
  version: 3.0.1
  resolution: "webidl-conversions@npm:3.0.1"
  checksum: c92a0a6ab95314bde9c32e1d0a6dfac83b578f8fa5f21e675bc2706ed6981bc26b7eb7e6a1fab158e5ce4adf9caa4a0aee49a52505d4d13c7be545f15021b17c
  languageName: node
  linkType: hard

"whatwg-url@npm:^5.0.0":
  version: 5.0.0
  resolution: "whatwg-url@npm:5.0.0"
  dependencies:
    tr46: ~0.0.3
    webidl-conversions: ^3.0.0
  checksum: b8daed4ad3356cc4899048a15b2c143a9aed0dfae1f611ebd55073310c7b910f522ad75d727346ad64203d7e6c79ef25eafd465f4d12775ca44b90fa82ed9e2c
  languageName: node
  linkType: hard

"wrappy@npm:1":
  version: 1.0.2
  resolution: "wrappy@npm:1.0.2"
  checksum: 159da4805f7e84a3d003d8841557196034155008f817172d4e986bd591f74aa82aa7db55929a54222309e01079a65a92a9e6414da5a6aa4b01ee44a511ac3ee5
  languageName: node
  linkType: hard

"yallist@npm:^4.0.0":
  version: 4.0.0
  resolution: "yallist@npm:4.0.0"
  checksum: 343617202af32df2a15a3be36a5a8c0c8545208f3d3dfbc6bb7c3e3b7e8c6f8e7485432e4f3b88da3031a6e20afa7c711eded32ddfb122896ac5d914e75848d5
  languageName: node
  linkType: hard

"yocto-queue@npm:^0.1.0":
  version: 0.1.0
  resolution: "yocto-queue@npm:0.1.0"
  checksum: f77b3d8d00310def622123df93d4ee654fc6a0096182af8bd60679ddcdfb3474c56c6c7190817c84a2785648cdee9d721c0154eb45698c62176c322fb46fc700
  languageName: node
  linkType: hard
